
Microsoft Visual Studio Solution File, Format Version 12.00
# Visual Studio Version 17
VisualStudioVersion = 17.5.33414.496
MinimumVisualStudioVersion = 10.0.40219.1
Project("{8BC9CEB8-8B4A-11D0-8D11-00A0C91BC942}") = "15963. [Pro] 최대최소값 찾기", "15963. [Pro] 최대최소값 찾기\15963. [Pro] 최대최소값 찾기.vcxproj", "{D2EC924F-4C0C-47A1-AB3E-ECB83CEC47AA}"
EndProject
Global
	GlobalSection(SolutionConfigurationPlatforms) = preSolution
		Debug|x64 = Debug|x64
		Debug|x86 = Debug|x86
		Release|x64 = Release|x64
		Release|x86 = Release|x86
	EndGlobalSection
	GlobalSection(ProjectConfigurationPlatforms) = postSolution
		{D2EC924F-4C0C-47A1-AB3E-ECB83CEC47AA}.Debug|x64.ActiveCfg = Debug|x64
		{D2EC924F-4C0C-47A1-AB3E-ECB83CEC47AA}.Debug|x64.Build.0 = Debug|x64
		{D2EC924F-4C0C-47A1-AB3E-ECB83CEC47AA}.Debug|x86.ActiveCfg = Debug|Win32
		{D2EC924F-4C0C-47A1-AB3E-ECB83CEC47AA}.Debug|x86.Build.0 = Debug|Win32
		{D2EC924F-4C0C-47A1-AB3E-ECB83CEC47AA}.Release|x64.ActiveCfg = Release|x64
		{D2EC924F-4C0C-47A1-AB3E-ECB83CEC47AA}.Release|x64.Build.0 = Release|x64
		{D2EC924F-4C0C-47A1-AB3E-ECB83CEC47AA}.Release|x86.ActiveCfg = Release|Win32
		{D2EC924F-4C0C-47A1-AB3E-ECB83CEC47AA}.Release|x86.Build.0 = Release|Win32
	EndGlobalSection
	GlobalSection(SolutionProperties) = preSolution
		HideSolutionNode = FALSE
	EndGlobalSection
	GlobalSection(ExtensibilityGlobals) = postSolution
		SolutionGuid = {5CCC6784-7615-4238-91D8-E0B15F250593}
	EndGlobalSection
EndGlobal
